
Microsoft Visual Studio Solution File, Format Version 12.00
# Visual Studio Version 17
VisualStudioVersion = 17.10.35013.160
MinimumVisualStudioVersion = 10.0.40219.1
Project("{9A19103F-16F7-4668-BE54-9A1E7A4F7556}") = "TaskManagement", "TaskManagement.csproj", "{888C046B-38C3-4655-A5E3-3F4DE85CD92D}"
EndProject
Project("{FAE04EC0-301F-11D3-BF4B-00C04F79EFBC}") = "TaskManagement.Tests", "..\TaskManagement.Tests\TaskManagement.Tests.csproj", "{2EB7C1DF-BC95-49F8-82DD-264AF0F05C1D}"
EndProject
Global
	GlobalSection(SolutionConfigurationPlatforms) = preSolution
		Debug|Any CPU = Debug|Any CPU
		Release|Any CPU = Release|Any CPU
	EndGlobalSection
	GlobalSection(ProjectConfigurationPlatforms) = postSolution
		{888C046B-38C3-4655-A5E3-3F4DE85CD92D}.Debug|Any CPU.ActiveCfg = Debug|Any CPU
		{888C046B-38C3-4655-A5E3-3F4DE85CD92D}.Debug|Any CPU.Build.0 = Debug|Any CPU
		{888C046B-38C3-4655-A5E3-3F4DE85CD92D}.Release|Any CPU.ActiveCfg = Release|Any CPU
		{888C046B-38C3-4655-A5E3-3F4DE85CD92D}.Release|Any CPU.Build.0 = Release|Any CPU
		{2EB7C1DF-BC95-49F8-82DD-264AF0F05C1D}.Debug|Any CPU.ActiveCfg = Debug|Any CPU
		{2EB7C1DF-BC95-49F8-82DD-264AF0F05C1D}.Debug|Any CPU.Build.0 = Debug|Any CPU
		{2EB7C1DF-BC95-49F8-82DD-264AF0F05C1D}.Release|Any CPU.ActiveCfg = Release|Any CPU
		{2EB7C1DF-BC95-49F8-82DD-264AF0F05C1D}.Release|Any CPU.Build.0 = Release|Any CPU
	EndGlobalSection
	GlobalSection(SolutionProperties) = preSolution
		HideSolutionNode = FALSE
	EndGlobalSection
	GlobalSection(ExtensibilityGlobals) = postSolution
		SolutionGuid = {6DC48DE9-F096-4BA6-BDF0-AAA7E9F3C37F}
	EndGlobalSection
EndGlobal
